// !$*UTF8*$!
{
	archiveVersion = 1;
	classes = {
	};
	objectVersion = 56;
	objects = {

/* Begin PBXBuildFile section */
		7D051C1D2CA1D46D0099A622 /* BrandDetailView.swift in Sources */ = {isa = PBXBuildFile; fileRef = 7D051C1C2CA1D46D0099A622 /* BrandDetailView.swift */; };
		7D41A9562C99B33C00D19501 /* ConsciousConsumerApp.swift in Sources */ = {isa = PBXBuildFile; fileRef = 7D41A9552C99B33C00D19501 /* ConsciousConsumerApp.swift */; };
		7D41A9582C99B33C00D19501 /* AccountView.swift in Sources */ = {isa = PBXBuildFile; fileRef = 7D41A9572C99B33C00D19501 /* AccountView.swift */; };
		7D41A95A2C99B33D00D19501 /* Assets.xcassets in Resources */ = {isa = PBXBuildFile; fileRef = 7D41A9592C99B33D00D19501 /* Assets.xcassets */; };
		7D41A95D2C99B33D00D19501 /* Preview Assets.xcassets in Resources */ = {isa = PBXBuildFile; fileRef = 7D41A95C2C99B33D00D19501 /* Preview Assets.xcassets */; };
		7D41A9642C99B59E00D19501 /* ConsciousConsumerHeaderView.swift in Sources */ = {isa = PBXBuildFile; fileRef = 7D41A9632C99B59E00D19501 /* ConsciousConsumerHeaderView.swift */; };
		7D41A9662C99BD9900D19501 /* ConsciousConsumerFooterView.swift in Sources */ = {isa = PBXBuildFile; fileRef = 7D41A9652C99BD9900D19501 /* ConsciousConsumerFooterView.swift */; };
		7DA6AEBD2C9AE104007958C3 /* CustomSecureField.swift in Sources */ = {isa = PBXBuildFile; fileRef = 7DA6AEBC2C9AE104007958C3 /* CustomSecureField.swift */; };
		7DA6AEBF2C9AE5B0007958C3 /* LoginView.swift in Sources */ = {isa = PBXBuildFile; fileRef = 7DA6AEBE2C9AE5B0007958C3 /* LoginView.swift */; };
		7DA6AEC12C9C2588007958C3 /* SettingsView.swift in Sources */ = {isa = PBXBuildFile; fileRef = 7DA6AEC02C9C2588007958C3 /* SettingsView.swift */; };
		7DA6AEC32C9C37CF007958C3 /* TestView.swift in Sources */ = {isa = PBXBuildFile; fileRef = 7DA6AEC22C9C37CF007958C3 /* TestView.swift */; };
		7DA6AEC52C9C3C51007958C3 /* FilterView.swift in Sources */ = {isa = PBXBuildFile; fileRef = 7DA6AEC42C9C3C51007958C3 /* FilterView.swift */; };
		7DA6AEC72C9C4081007958C3 /* FavoriteBrandsView.swift in Sources */ = {isa = PBXBuildFile; fileRef = 7DA6AEC62C9C4081007958C3 /* FavoriteBrandsView.swift */; };
		7DA6AEC92C9D5C3C007958C3 /* BrandClass.swift in Sources */ = {isa = PBXBuildFile; fileRef = 7DA6AEC82C9D5C3B007958C3 /* BrandClass.swift */; };
		7DA6AECB2C9D66F5007958C3 /* BrandView.swift in Sources */ = {isa = PBXBuildFile; fileRef = 7DA6AECA2C9D66F5007958C3 /* BrandView.swift */; };
		7DA6AECD2C9D6CB9007958C3 /* FeaturedBrandsView.swift in Sources */ = {isa = PBXBuildFile; fileRef = 7DA6AECC2C9D6CB9007958C3 /* FeaturedBrandsView.swift */; };
		CE91D8FF2CA42A16002527C9 /* CameraView.swift in Sources */ = {isa = PBXBuildFile; fileRef = CE91D8FE2CA42A16002527C9 /* CameraView.swift */; };
/* End PBXBuildFile section */

/* Begin PBXFileReference section */
		7D051C1C2CA1D46D0099A622 /* BrandDetailView.swift */ = {isa = PBXFileReference; lastKnownFileType = sourcecode.swift; path = BrandDetailView.swift; sourceTree = "<group>"; };
		7D41A9522C99B33C00D19501 /* ConciousConsumer.app */ = {isa = PBXFileReference; explicitFileType = wrapper.application; includeInIndex = 0; path = ConciousConsumer.app; sourceTree = BUILT_PRODUCTS_DIR; };
		7D41A9552C99B33C00D19501 /* ConsciousConsumerApp.swift */ = {isa = PBXFileReference; lastKnownFileType = sourcecode.swift; path = ConsciousConsumerApp.swift; sourceTree = "<group>"; };
		7D41A9572C99B33C00D19501 /* AccountView.swift */ = {isa = PBXFileReference; lastKnownFileType = sourcecode.swift; path = AccountView.swift; sourceTree = "<group>"; };
		7D41A9592C99B33D00D19501 /* Assets.xcassets */ = {isa = PBXFileReference; lastKnownFileType = folder.assetcatalog; path = Assets.xcassets; sourceTree = "<group>"; };
		7D41A95C2C99B33D00D19501 /* Preview Assets.xcassets */ = {isa = PBXFileReference; lastKnownFileType = folder.assetcatalog; path = "Preview Assets.xcassets"; sourceTree = "<group>"; };
		7D41A9632C99B59E00D19501 /* ConsciousConsumerHeaderView.swift */ = {isa = PBXFileReference; lastKnownFileType = sourcecode.swift; path = ConsciousConsumerHeaderView.swift; sourceTree = "<group>"; };
		7D41A9652C99BD9900D19501 /* ConsciousConsumerFooterView.swift */ = {isa = PBXFileReference; lastKnownFileType = sourcecode.swift; path = ConsciousConsumerFooterView.swift; sourceTree = "<group>"; };
		7DA6AEBC2C9AE104007958C3 /* CustomSecureField.swift */ = {isa = PBXFileReference; lastKnownFileType = sourcecode.swift; path = CustomSecureField.swift; sourceTree = "<group>"; };
		7DA6AEBE2C9AE5B0007958C3 /* LoginView.swift */ = {isa = PBXFileReference; lastKnownFileType = sourcecode.swift; path = LoginView.swift; sourceTree = "<group>"; };
		7DA6AEC02C9C2588007958C3 /* SettingsView.swift */ = {isa = PBXFileReference; lastKnownFileType = sourcecode.swift; path = SettingsView.swift; sourceTree = "<group>"; };
		7DA6AEC22C9C37CF007958C3 /* TestView.swift */ = {isa = PBXFileReference; lastKnownFileType = sourcecode.swift; path = TestView.swift; sourceTree = "<group>"; };
		7DA6AEC42C9C3C51007958C3 /* FilterView.swift */ = {isa = PBXFileReference; lastKnownFileType = sourcecode.swift; path = FilterView.swift; sourceTree = "<group>"; };
		7DA6AEC62C9C4081007958C3 /* FavoriteBrandsView.swift */ = {isa = PBXFileReference; lastKnownFileType = sourcecode.swift; path = FavoriteBrandsView.swift; sourceTree = "<group>"; };
		7DA6AEC82C9D5C3B007958C3 /* BrandClass.swift */ = {isa = PBXFileReference; lastKnownFileType = sourcecode.swift; path = BrandClass.swift; sourceTree = "<group>"; };
		7DA6AECA2C9D66F5007958C3 /* BrandView.swift */ = {isa = PBXFileReference; lastKnownFileType = sourcecode.swift; path = BrandView.swift; sourceTree = "<group>"; };
		7DA6AECC2C9D6CB9007958C3 /* FeaturedBrandsView.swift */ = {isa = PBXFileReference; lastKnownFileType = sourcecode.swift; path = FeaturedBrandsView.swift; sourceTree = "<group>"; };
		CE91D8FE2CA42A16002527C9 /* CameraView.swift */ = {isa = PBXFileReference; lastKnownFileType = sourcecode.swift; path = CameraView.swift; sourceTree = "<group>"; };
/* End PBXFileReference section */

/* Begin PBXFrameworksBuildPhase section */
		7D41A94F2C99B33C00D19501 /* Frameworks */ = {
			isa = PBXFrameworksBuildPhase;
			buildActionMask = 2147483647;
			files = (
			);
			runOnlyForDeploymentPostprocessing = 0;
		};
/* End PBXFrameworksBuildPhase section */

/* Begin PBXGroup section */
		7D41A9492C99B33C00D19501 = {
			isa = PBXGroup;
			children = (
				7D41A9542C99B33C00D19501 /* ConciousConsumer */,
				7D41A9532C99B33C00D19501 /* Products */,
			);
			sourceTree = "<group>";
		};
		7D41A9532C99B33C00D19501 /* Products */ = {
			isa = PBXGroup;
			children = (
				7D41A9522C99B33C00D19501 /* ConciousConsumer.app */,
			);
			name = Products;
			sourceTree = "<group>";
		};
		7D41A9542C99B33C00D19501 /* ConciousConsumer */ = {
			isa = PBXGroup;
			children = (
				7D41A9632C99B59E00D19501 /* ConsciousConsumerHeaderView.swift */,
				7D41A9652C99BD9900D19501 /* ConsciousConsumerFooterView.swift */,
				7D051C1C2CA1D46D0099A622 /* BrandDetailView.swift */,
				7DA6AEBE2C9AE5B0007958C3 /* LoginView.swift */,
				7D41A9572C99B33C00D19501 /* AccountView.swift */,
				7DA6AEC02C9C2588007958C3 /* SettingsView.swift */,
				7DA6AEC42C9C3C51007958C3 /* FilterView.swift */,
				7DA6AECC2C9D6CB9007958C3 /* FeaturedBrandsView.swift */,
				7DA6AEC62C9C4081007958C3 /* FavoriteBrandsView.swift */,
				7DA6AECA2C9D66F5007958C3 /* BrandView.swift */,
				7DA6AEC22C9C37CF007958C3 /* TestView.swift */,
				7DA6AEBC2C9AE104007958C3 /* CustomSecureField.swift */,
				7DA6AEC82C9D5C3B007958C3 /* BrandClass.swift */,
				7D41A9552C99B33C00D19501 /* ConsciousConsumerApp.swift */,
				CE91D8FE2CA42A16002527C9 /* CameraView.swift */,
				7D41A9592C99B33D00D19501 /* Assets.xcassets */,
				7D41A95B2C99B33D00D19501 /* Preview Content */,
			);
			path = ConciousConsumer;
			sourceTree = "<group>";
		};
		7D41A95B2C99B33D00D19501 /* Preview Content */ = {
			isa = PBXGroup;
			children = (
				7D41A95C2C99B33D00D19501 /* Preview Assets.xcassets */,
			);
			path = "Preview Content";
			sourceTree = "<group>";
		};
/* End PBXGroup section */

/* Begin PBXNativeTarget section */
		7D41A9512C99B33C00D19501 /* ConciousConsumer */ = {
			isa = PBXNativeTarget;
			buildConfigurationList = 7D41A9602C99B33D00D19501 /* Build configuration list for PBXNativeTarget "ConciousConsumer" */;
			buildPhases = (
				7D41A94E2C99B33C00D19501 /* Sources */,
				7D41A94F2C99B33C00D19501 /* Frameworks */,
				7D41A9502C99B33C00D19501 /* Resources */,
			);
			buildRules = (
			);
			dependencies = (
			);
			name = ConciousConsumer;
			productName = ConciousConsumer;
			productReference = 7D41A9522C99B33C00D19501 /* ConciousConsumer.app */;
			productType = "com.apple.product-type.application";
		};
/* End PBXNativeTarget section */

/* Begin PBXProject section */
		7D41A94A2C99B33C00D19501 /* Project object */ = {
			isa = PBXProject;
			attributes = {
				BuildIndependentTargetsInParallel = 1;
				LastSwiftUpdateCheck = 1540;
				LastUpgradeCheck = 1540;
				TargetAttributes = {
					7D41A9512C99B33C00D19501 = {
						CreatedOnToolsVersion = 15.4;
					};
				};
			};
			buildConfigurationList = 7D41A94D2C99B33C00D19501 /* Build configuration list for PBXProject "ConciousConsumer" */;
			compatibilityVersion = "Xcode 14.0";
			developmentRegion = en;
			hasScannedForEncodings = 0;
			knownRegions = (
				en,
				Base,
			);
			mainGroup = 7D41A9492C99B33C00D19501;
			productRefGroup = 7D41A9532C99B33C00D19501 /* Products */;
			projectDirPath = "";
			projectRoot = "";
			targets = (
				7D41A9512C99B33C00D19501 /* ConciousConsumer */,
			);
		};
/* End PBXProject section */

/* Begin PBXResourcesBuildPhase section */
		7D41A9502C99B33C00D19501 /* Resources */ = {
			isa = PBXResourcesBuildPhase;
			buildActionMask = 2147483647;
			files = (
				7D41A95D2C99B33D00D19501 /* Preview Assets.xcassets in Resources */,
				7D41A95A2C99B33D00D19501 /* Assets.xcassets in Resources */,
			);
			runOnlyForDeploymentPostprocessing = 0;
		};
/* End PBXResourcesBuildPhase section */

/* Begin PBXSourcesBuildPhase section */
		7D41A94E2C99B33C00D19501 /* Sources */ = {
			isa = PBXSourcesBuildPhase;
			buildActionMask = 2147483647;
			files = (
				7DA6AEC72C9C4081007958C3 /* FavoriteBrandsView.swift in Sources */,
				7DA6AEC12C9C2588007958C3 /* SettingsView.swift in Sources */,
				7DA6AEBF2C9AE5B0007958C3 /* LoginView.swift in Sources */,
				CE91D8FF2CA42A16002527C9 /* CameraView.swift in Sources */,
				7D051C1D2CA1D46D0099A622 /* BrandDetailView.swift in Sources */,
				7D41A9662C99BD9900D19501 /* ConsciousConsumerFooterView.swift in Sources */,
				7DA6AECB2C9D66F5007958C3 /* BrandView.swift in Sources */,
				7D41A9582C99B33C00D19501 /* AccountView.swift in Sources */,
				7DA6AEC92C9D5C3C007958C3 /* BrandClass.swift in Sources */,
				7DA6AEC52C9C3C51007958C3 /* FilterView.swift in Sources */,
				7DA6AEC32C9C37CF007958C3 /* TestView.swift in Sources */,
				7DA6AEBD2C9AE104007958C3 /* CustomSecureField.swift in Sources */,
				7D41A9562C99B33C00D19501 /* ConsciousConsumerApp.swift in Sources */,
				7DA6AECD2C9D6CB9007958C3 /* FeaturedBrandsView.swift in Sources */,
				7D41A9642C99B59E00D19501 /* ConsciousConsumerHeaderView.swift in Sources */,
			);
			runOnlyForDeploymentPostprocessing = 0;
		};
/* End PBXSourcesBuildPhase section */

/* Begin XCBuildConfiguration section */
		7D41A95E2C99B33D00D19501 /* Debug */ = {
			isa = XCBuildConfiguration;
			buildSettings = {
				ALWAYS_SEARCH_USER_PATHS = NO;
				ASSETCATALOG_COMPILER_GENERATE_SWIFT_ASSET_SYMBOL_EXTENSIONS = YES;
				CLANG_ANALYZER_NONNULL = YES;
				CLANG_ANALYZER_NUMBER_OBJECT_CONVERSION = YES_AGGRESSIVE;
				CLANG_CXX_LANGUAGE_STANDARD = "gnu++20";
				CLANG_ENABLE_MODULES = YES;
				CLANG_ENABLE_OBJC_ARC = YES;
				CLANG_ENABLE_OBJC_WEAK = YES;
				CLANG_WARN_BLOCK_CAPTURE_AUTORELEASING = YES;
				CLANG_WARN_BOOL_CONVERSION = YES;
				CLANG_WARN_COMMA = YES;
				CLANG_WARN_CONSTANT_CONVERSION = YES;
				CLANG_WARN_DEPRECATED_OBJC_IMPLEMENTATIONS = YES;
				CLANG_WARN_DIRECT_OBJC_ISA_USAGE = YES_ERROR;
				CLANG_WARN_DOCUMENTATION_COMMENTS = YES;
				CLANG_WARN_EMPTY_BODY = YES;
				CLANG_WARN_ENUM_CONVERSION = YES;
				CLANG_WARN_INFINITE_RECURSION = YES;
				CLANG_WARN_INT_CONVERSION = YES;
				CLANG_WARN_NON_LITERAL_NULL_CONVERSION = YES;
				CLANG_WARN_OBJC_IMPLICIT_RETAIN_SELF = YES;
				CLANG_WARN_OBJC_LITERAL_CONVERSION = YES;
				CLANG_WARN_OBJC_ROOT_CLASS = YES_ERROR;
				CLANG_WARN_QUOTED_INCLUDE_IN_FRAMEWORK_HEADER = YES;
				CLANG_WARN_RANGE_LOOP_ANALYSIS = YES;
				CLANG_WARN_STRICT_PROTOTYPES = YES;
				CLANG_WARN_SUSPICIOUS_MOVE = YES;
				CLANG_WARN_UNGUARDED_AVAILABILITY = YES_AGGRESSIVE;
				CLANG_WARN_UNREACHABLE_CODE = YES;
				CLANG_WARN__DUPLICATE_METHOD_MATCH = YES;
				COPY_PHASE_STRIP = NO;
				DEBUG_INFORMATION_FORMAT = dwarf;
				ENABLE_STRICT_OBJC_MSGSEND = YES;
				ENABLE_TESTABILITY = YES;
				ENABLE_USER_SCRIPT_SANDBOXING = YES;
				GCC_C_LANGUAGE_STANDARD = gnu17;
				GCC_DYNAMIC_NO_PIC = NO;
				GCC_NO_COMMON_BLOCKS = YES;
				GCC_OPTIMIZATION_LEVEL = 0;
				GCC_PREPROCESSOR_DEFINITIONS = (
					"DEBUG=1",
					"$(inherited)",
				);
				GCC_WARN_64_TO_32_BIT_CONVERSION = YES;
				GCC_WARN_ABOUT_RETURN_TYPE = YES_ERROR;
				GCC_WARN_UNDECLARED_SELECTOR = YES;
				GCC_WARN_UNINITIALIZED_AUTOS = YES_AGGRESSIVE;
				GCC_WARN_UNUSED_FUNCTION = YES;
				GCC_WARN_UNUSED_VARIABLE = YES;
				IPHONEOS_DEPLOYMENT_TARGET = 17.5;
				LOCALIZATION_PREFERS_STRING_CATALOGS = YES;
				MTL_ENABLE_DEBUG_INFO = INCLUDE_SOURCE;
				MTL_FAST_MATH = YES;
				ONLY_ACTIVE_ARCH = YES;
				SDKROOT = iphoneos;
				SWIFT_ACTIVE_COMPILATION_CONDITIONS = "DEBUG $(inherited)";
				SWIFT_OPTIMIZATION_LEVEL = "-Onone";
			};
			name = Debug;
		};
		7D41A95F2C99B33D00D19501 /* Release */ = {
			isa = XCBuildConfiguration;
			buildSettings = {
				ALWAYS_SEARCH_USER_PATHS = NO;
				ASSETCATALOG_COMPILER_GENERATE_SWIFT_ASSET_SYMBOL_EXTENSIONS = YES;
				CLANG_ANALYZER_NONNULL = YES;
				CLANG_ANALYZER_NUMBER_OBJECT_CONVERSION = YES_AGGRESSIVE;
				CLANG_CXX_LANGUAGE_STANDARD = "gnu++20";
				CLANG_ENABLE_MODULES = YES;
				CLANG_ENABLE_OBJC_ARC = YES;
				CLANG_ENABLE_OBJC_WEAK = YES;
				CLANG_WARN_BLOCK_CAPTURE_AUTORELEASING = YES;
				CLANG_WARN_BOOL_CONVERSION = YES;
				CLANG_WARN_COMMA = YES;
				CLANG_WARN_CONSTANT_CONVERSION = YES;
				CLANG_WARN_DEPRECATED_OBJC_IMPLEMENTATIONS = YES;
				CLANG_WARN_DIRECT_OBJC_ISA_USAGE = YES_ERROR;
				CLANG_WARN_DOCUMENTATION_COMMENTS = YES;
				CLANG_WARN_EMPTY_BODY = YES;
				CLANG_WARN_ENUM_CONVERSION = YES;
				CLANG_WARN_INFINITE_RECURSION = YES;
				CLANG_WARN_INT_CONVERSION = YES;
				CLANG_WARN_NON_LITERAL_NULL_CONVERSION = YES;
				CLANG_WARN_OBJC_IMPLICIT_RETAIN_SELF = YES;
				CLANG_WARN_OBJC_LITERAL_CONVERSION = YES;
				CLANG_WARN_OBJC_ROOT_CLASS = YES_ERROR;
				CLANG_WARN_QUOTED_INCLUDE_IN_FRAMEWORK_HEADER = YES;
				CLANG_WARN_RANGE_LOOP_ANALYSIS = YES;
				CLANG_WARN_STRICT_PROTOTYPES = YES;
				CLANG_WARN_SUSPICIOUS_MOVE = YES;
				CLANG_WARN_UNGUARDED_AVAILABILITY = YES_AGGRESSIVE;
				CLANG_WARN_UNREACHABLE_CODE = YES;
				CLANG_WARN__DUPLICATE_METHOD_MATCH = YES;
				COPY_PHASE_STRIP = NO;
				DEBUG_INFORMATION_FORMAT = "dwarf-with-dsym";
				ENABLE_NS_ASSERTIONS = NO;
				ENABLE_STRICT_OBJC_MSGSEND = YES;
				ENABLE_USER_SCRIPT_SANDBOXING = YES;
				GCC_C_LANGUAGE_STANDARD = gnu17;
				GCC_NO_COMMON_BLOCKS = YES;
				GCC_WARN_64_TO_32_BIT_CONVERSION = YES;
				GCC_WARN_ABOUT_RETURN_TYPE = YES_ERROR;
				GCC_WARN_UNDECLARED_SELECTOR = YES;
				GCC_WARN_UNINITIALIZED_AUTOS = YES_AGGRESSIVE;
				GCC_WARN_UNUSED_FUNCTION = YES;
				GCC_WARN_UNUSED_VARIABLE = YES;
				IPHONEOS_DEPLOYMENT_TARGET = 17.5;
				LOCALIZATION_PREFERS_STRING_CATALOGS = YES;
				MTL_ENABLE_DEBUG_INFO = NO;
				MTL_FAST_MATH = YES;
				SDKROOT = iphoneos;
				SWIFT_COMPILATION_MODE = wholemodule;
				VALIDATE_PRODUCT = YES;
			};
			name = Release;
		};
		7D41A9612C99B33D00D19501 /* Debug */ = {
			isa = XCBuildConfiguration;
			buildSettings = {
				ASSETCATALOG_COMPILER_APPICON_NAME = AppIcon;
				ASSETCATALOG_COMPILER_GLOBAL_ACCENT_COLOR_NAME = AccentColor;
				CODE_SIGN_STYLE = Automatic;
				CURRENT_PROJECT_VERSION = 1;
				DEVELOPMENT_ASSET_PATHS = "\"ConciousConsumer/Preview Content\"";
				DEVELOPMENT_TEAM = 7HXUVL8LVC;
				ENABLE_PREVIEWS = YES;
				GENERATE_INFOPLIST_FILE = YES;
				INFOPLIST_KEY_UIApplicationSceneManifest_Generation = YES;
				INFOPLIST_KEY_UIApplicationSupportsIndirectInputEvents = YES;
				INFOPLIST_KEY_UILaunchScreen_Generation = YES;
				INFOPLIST_KEY_UISupportedInterfaceOrientations_iPad = "UIInterfaceOrientationPortrait UIInterfaceOrientationPortraitUpsideDown UIInterfaceOrientationLandscapeLeft UIInterfaceOrientationLandscapeRight";
				INFOPLIST_KEY_UISupportedInterfaceOrientations_iPhone = "UIInterfaceOrientationPortrait UIInterfaceOrientationLandscapeLeft UIInterfaceOrientationLandscapeRight";
				INFOPLIST_KEY_UIUserInterfaceStyle = Light;
				LD_RUNPATH_SEARCH_PATHS = (
					"$(inherited)",
					"@executable_path/Frameworks",
				);
				MARKETING_VERSION = 1.0;
				PRODUCT_BUNDLE_IDENTIFIER = com.jamie.fontys.ConciousConsumer;
				PRODUCT_NAME = "$(TARGET_NAME)";
				SWIFT_EMIT_LOC_STRINGS = YES;
				SWIFT_VERSION = 5.0;
				TARGETED_DEVICE_FAMILY = "1,2";
			};
			name = Debug;
		};
		7D41A9622C99B33D00D19501 /* Release */ = {
			isa = XCBuildConfiguration;
			buildSettings = {
				ASSETCATALOG_COMPILER_APPICON_NAME = AppIcon;
				ASSETCATALOG_COMPILER_GLOBAL_ACCENT_COLOR_NAME = AccentColor;
				CODE_SIGN_STYLE = Automatic;
				CURRENT_PROJECT_VERSION = 1;
				DEVELOPMENT_ASSET_PATHS = "\"ConciousConsumer/Preview Content\"";
				DEVELOPMENT_TEAM = 7HXUVL8LVC;
				ENABLE_PREVIEWS = YES;
				GENERATE_INFOPLIST_FILE = YES;
				INFOPLIST_KEY_UIApplicationSceneManifest_Generation = YES;
				INFOPLIST_KEY_UIApplicationSupportsIndirectInputEvents = YES;
				INFOPLIST_KEY_UILaunchScreen_Generation = YES;
				INFOPLIST_KEY_UISupportedInterfaceOrientations_iPad = "UIInterfaceOrientationPortrait UIInterfaceOrientationPortraitUpsideDown UIInterfaceOrientationLandscapeLeft UIInterfaceOrientationLandscapeRight";
				INFOPLIST_KEY_UISupportedInterfaceOrientations_iPhone = "UIInterfaceOrientationPortrait UIInterfaceOrientationLandscapeLeft UIInterfaceOrientationLandscapeRight";
				INFOPLIST_KEY_UIUserInterfaceStyle = Light;
				LD_RUNPATH_SEARCH_PATHS = (
					"$(inherited)",
					"@executable_path/Frameworks",
				);
				MARKETING_VERSION = 1.0;
				PRODUCT_BUNDLE_IDENTIFIER = com.jamie.fontys.ConciousConsumer;
				PRODUCT_NAME = "$(TARGET_NAME)";
				SWIFT_EMIT_LOC_STRINGS = YES;
				SWIFT_VERSION = 5.0;
				TARGETED_DEVICE_FAMILY = "1,2";
			};
			name = Release;
		};
/* End XCBuildConfiguration section */

/* Begin XCConfigurationList section */
		7D41A94D2C99B33C00D19501 /* Build configuration list for PBXProject "ConciousConsumer" */ = {
			isa = XCConfigurationList;
			buildConfigurations = (
				7D41A95E2C99B33D00D19501 /* Debug */,
				7D41A95F2C99B33D00D19501 /* Release */,
			);
			defaultConfigurationIsVisible = 0;
			defaultConfigurationName = Release;
		};
		7D41A9602C99B33D00D19501 /* Build configuration list for PBXNativeTarget "ConciousConsumer" */ = {
			isa = XCConfigurationList;
			buildConfigurations = (
				7D41A9612C99B33D00D19501 /* Debug */,
				7D41A9622C99B33D00D19501 /* Release */,
			);
			defaultConfigurationIsVisible = 0;
			defaultConfigurationName = Release;
		};
/* End XCConfigurationList section */
	};
	rootObject = 7D41A94A2C99B33C00D19501 /* Project object */;
}
